
Microsoft Visual Studio Solution File, Format Version 12.00
# Visual Studio Version 17
VisualStudioVersion = 17.5.33502.453
MinimumVisualStudioVersion = 10.0.40219.1
Project("{9A19103F-16F7-4668-BE54-9A1E7A4F7556}") = "Kafka.Consumer1", "Kafka.Consumer1.csproj", "{C5F52958-F924-414C-9EFF-37BCD3742869}"
EndProject
Project("{9A19103F-16F7-4668-BE54-9A1E7A4F7556}") = "Kafka.Library", "..\Kafka.Library\Kafka.Library.csproj", "{3D5926C8-3EB3-49F8-BDDB-5C3580703B63}"
EndProject
Project("{9A19103F-16F7-4668-BE54-9A1E7A4F7556}") = "KafkaProducerApi", "..\KafkaProducerApi\KafkaProducerApi.csproj", "{D84D49A1-70EC-48C5-8965-437293993CF7}"
EndProject
Project("{FAE04EC0-301F-11D3-BF4B-00C04F79EFBC}") = "Kafka.Consumer2", "..\Kafka.Consumer2\Kafka.Consumer2.csproj", "{4DBA50F1-684C-4EF5-B553-C3F3F1D3130B}"
EndProject
Global
	GlobalSection(SolutionConfigurationPlatforms) = preSolution
		Debug|Any CPU = Debug|Any CPU
		Release|Any CPU = Release|Any CPU
	EndGlobalSection
	GlobalSection(ProjectConfigurationPlatforms) = postSolution
		{C5F52958-F924-414C-9EFF-37BCD3742869}.Debug|Any CPU.ActiveCfg = Debug|Any CPU
		{C5F52958-F924-414C-9EFF-37BCD3742869}.Debug|Any CPU.Build.0 = Debug|Any CPU
		{C5F52958-F924-414C-9EFF-37BCD3742869}.Release|Any CPU.ActiveCfg = Release|Any CPU
		{C5F52958-F924-414C-9EFF-37BCD3742869}.Release|Any CPU.Build.0 = Release|Any CPU
		{3D5926C8-3EB3-49F8-BDDB-5C3580703B63}.Debug|Any CPU.ActiveCfg = Debug|Any CPU
		{3D5926C8-3EB3-49F8-BDDB-5C3580703B63}.Debug|Any CPU.Build.0 = Debug|Any CPU
		{3D5926C8-3EB3-49F8-BDDB-5C3580703B63}.Release|Any CPU.ActiveCfg = Release|Any CPU
		{3D5926C8-3EB3-49F8-BDDB-5C3580703B63}.Release|Any CPU.Build.0 = Release|Any CPU
		{D84D49A1-70EC-48C5-8965-437293993CF7}.Debug|Any CPU.ActiveCfg = Debug|Any CPU
		{D84D49A1-70EC-48C5-8965-437293993CF7}.Debug|Any CPU.Build.0 = Debug|Any CPU
		{D84D49A1-70EC-48C5-8965-437293993CF7}.Release|Any CPU.ActiveCfg = Release|Any CPU
		{D84D49A1-70EC-48C5-8965-437293993CF7}.Release|Any CPU.Build.0 = Release|Any CPU
		{4DBA50F1-684C-4EF5-B553-C3F3F1D3130B}.Debug|Any CPU.ActiveCfg = Debug|Any CPU
		{4DBA50F1-684C-4EF5-B553-C3F3F1D3130B}.Debug|Any CPU.Build.0 = Debug|Any CPU
		{4DBA50F1-684C-4EF5-B553-C3F3F1D3130B}.Release|Any CPU.ActiveCfg = Release|Any CPU
		{4DBA50F1-684C-4EF5-B553-C3F3F1D3130B}.Release|Any CPU.Build.0 = Release|Any CPU
	EndGlobalSection
	GlobalSection(SolutionProperties) = preSolution
		HideSolutionNode = FALSE
	EndGlobalSection
	GlobalSection(ExtensibilityGlobals) = postSolution
		SolutionGuid = {4F4611CB-B58D-49C1-8E20-0E02FBA5DD99}
	EndGlobalSection
EndGlobal
