
Microsoft Visual Studio Solution File, Format Version 12.00
# Visual Studio Version 17
VisualStudioVersion = 17.5.33502.453
MinimumVisualStudioVersion = 10.0.40219.1
Project("{9A19103F-16F7-4668-BE54-9A1E7A4F7556}") = "KafkaProducerApi", "KafkaProducerApi.csproj", "{705B0452-CA1B-4828-A208-5DD964449665}"
EndProject
Project("{E53339B2-1760-4266-BCC7-CA923CBCF16C}") = "docker-compose", "docker-compose.dcproj", "{3983ED62-EA6B-4FFA-96FA-7916E0D87D6C}"
EndProject
Project("{9A19103F-16F7-4668-BE54-9A1E7A4F7556}") = "Kafka.Library", "..\Kafka.Library\Kafka.Library.csproj", "{95CAEEEC-F4A5-4210-98C9-CBEF075318A6}"
EndProject
Project("{9A19103F-16F7-4668-BE54-9A1E7A4F7556}") = "Kafka.Consumer2", "..\Kafka.Consumer2\Kafka.Consumer2.csproj", "{EFBD6C4E-D234-4FA5-859F-F2F53FF44B3F}"
EndProject
Project("{9A19103F-16F7-4668-BE54-9A1E7A4F7556}") = "Kafka.Consumer1", "..\Kafka.DataProcessor\Kafka.Consumer1.csproj", "{5EBA1B65-B933-42DA-BA5B-D0F6F509F640}"
EndProject
Global
	GlobalSection(SolutionConfigurationPlatforms) = preSolution
		Debug|Any CPU = Debug|Any CPU
		Release|Any CPU = Release|Any CPU
	EndGlobalSection
	GlobalSection(ProjectConfigurationPlatforms) = postSolution
		{705B0452-CA1B-4828-A208-5DD964449665}.Debug|Any CPU.ActiveCfg = Debug|Any CPU
		{705B0452-CA1B-4828-A208-5DD964449665}.Debug|Any CPU.Build.0 = Debug|Any CPU
		{705B0452-CA1B-4828-A208-5DD964449665}.Release|Any CPU.ActiveCfg = Release|Any CPU
		{705B0452-CA1B-4828-A208-5DD964449665}.Release|Any CPU.Build.0 = Release|Any CPU
		{3983ED62-EA6B-4FFA-96FA-7916E0D87D6C}.Debug|Any CPU.ActiveCfg = Debug|Any CPU
		{3983ED62-EA6B-4FFA-96FA-7916E0D87D6C}.Debug|Any CPU.Build.0 = Debug|Any CPU
		{3983ED62-EA6B-4FFA-96FA-7916E0D87D6C}.Release|Any CPU.ActiveCfg = Release|Any CPU
		{3983ED62-EA6B-4FFA-96FA-7916E0D87D6C}.Release|Any CPU.Build.0 = Release|Any CPU
		{95CAEEEC-F4A5-4210-98C9-CBEF075318A6}.Debug|Any CPU.ActiveCfg = Debug|Any CPU
		{95CAEEEC-F4A5-4210-98C9-CBEF075318A6}.Debug|Any CPU.Build.0 = Debug|Any CPU
		{95CAEEEC-F4A5-4210-98C9-CBEF075318A6}.Release|Any CPU.ActiveCfg = Release|Any CPU
		{95CAEEEC-F4A5-4210-98C9-CBEF075318A6}.Release|Any CPU.Build.0 = Release|Any CPU
		{EFBD6C4E-D234-4FA5-859F-F2F53FF44B3F}.Debug|Any CPU.ActiveCfg = Debug|Any CPU
		{EFBD6C4E-D234-4FA5-859F-F2F53FF44B3F}.Debug|Any CPU.Build.0 = Debug|Any CPU
		{EFBD6C4E-D234-4FA5-859F-F2F53FF44B3F}.Release|Any CPU.ActiveCfg = Release|Any CPU
		{EFBD6C4E-D234-4FA5-859F-F2F53FF44B3F}.Release|Any CPU.Build.0 = Release|Any CPU
		{5EBA1B65-B933-42DA-BA5B-D0F6F509F640}.Debug|Any CPU.ActiveCfg = Debug|Any CPU
		{5EBA1B65-B933-42DA-BA5B-D0F6F509F640}.Debug|Any CPU.Build.0 = Debug|Any CPU
		{5EBA1B65-B933-42DA-BA5B-D0F6F509F640}.Release|Any CPU.ActiveCfg = Release|Any CPU
		{5EBA1B65-B933-42DA-BA5B-D0F6F509F640}.Release|Any CPU.Build.0 = Release|Any CPU
	EndGlobalSection
	GlobalSection(SolutionProperties) = preSolution
		HideSolutionNode = FALSE
	EndGlobalSection
	GlobalSection(ExtensibilityGlobals) = postSolution
		SolutionGuid = {DE1BEA63-1B94-45B4-AD7B-8AC7C6AC3853}
	EndGlobalSection
EndGlobal
